
Microsoft Visual Studio Solution File, Format Version 12.00
# Visual Studio 14
VisualStudioVersion = 14.0.25420.1
MinimumVisualStudioVersion = 10.0.40219.1
Project("{8BB2217D-0F2D-49D1-97BC-3654ED321F3B}") = "Facebook.CSSLayout", "Facebook.CSSLayout\Facebook.CSSLayout.xproj", "{75BB7605-E54B-4EDE-8F5A-FF1F24464236}"
EndProject
Project("{8BB2217D-0F2D-49D1-97BC-3654ED321F3B}") = "Facebook.CSSLayout.NETCore.App", "Facebook.CSSLayout.NETCore.App\Facebook.CSSLayout.NETCore.App.xproj", "{5FA8A7F0-B3DE-4F30-B762-6B3AB7C8E8CF}"
	ProjectSection(ProjectDependencies) = postProject
		{AFBB6654-7068-44A4-A941-5607E1CF3F26} = {AFBB6654-7068-44A4-A941-5607E1CF3F26}
	EndProjectSection
EndProject
Project("{FAE04EC0-301F-11D3-BF4B-00C04F79EFBC}") = "Facebook.CSSLayout.Desktop.App", "Facebook.CSSLayout.Desktop.App\Facebook.CSSLayout.Desktop.App.csproj", "{99F48603-0823-458B-88AB-21525438E7EF}"
	ProjectSection(ProjectDependencies) = postProject
		{75BB7605-E54B-4EDE-8F5A-FF1F24464236} = {75BB7605-E54B-4EDE-8F5A-FF1F24464236}
	EndProjectSection
EndProject
Project("{FAE04EC0-301F-11D3-BF4B-00C04F79EFBC}") = "Facebook.CSSLayout.Universal.App", "Facebook.CSSLayout.Universal.App\Facebook.CSSLayout.Universal.App.csproj", "{BC3DD209-24CA-4799-A3CD-4E93863C72F2}"
	ProjectSection(ProjectDependencies) = postProject
		{75BB7605-E54B-4EDE-8F5A-FF1F24464236} = {75BB7605-E54B-4EDE-8F5A-FF1F24464236}
		{AFBB6654-7068-44A4-A941-5607E1CF3F26} = {AFBB6654-7068-44A4-A941-5607E1CF3F26}
	EndProjectSection
EndProject
Project("{8BC9CEB8-8B4A-11D0-8D11-00A0C91BC942}") = "CSSLayout.Desktop", "CSSLayout.Desktop\CSSLayout.Desktop.vcxproj", "{0446C86B-F47B-4C46-B673-C7AE0CFF35D5}"
EndProject
Project("{8BC9CEB8-8B4A-11D0-8D11-00A0C91BC942}") = "CSSLayout.Universal", "CSSLayout.Universal\CSSLayout.Universal.vcxproj", "{AFBB6654-7068-44A4-A941-5607E1CF3F26}"
EndProject
Project("{FAE04EC0-301F-11D3-BF4B-00C04F79EFBC}") = "Facebook.CSSLayout.Desktop", "Facebook.CSSLayout.Desktop\Facebook.CSSLayout.Desktop.csproj", "{403B5DCD-E522-4BBE-8082-3CAF3C41E454}"
	ProjectSection(ProjectDependencies) = postProject
		{0446C86B-F47B-4C46-B673-C7AE0CFF35D5} = {0446C86B-F47B-4C46-B673-C7AE0CFF35D5}
	EndProjectSection
EndProject
Project("{FAE04EC0-301F-11D3-BF4B-00C04F79EFBC}") = "Facebook.CSSLayout.Desktop.WPF.App", "Facebook.CSSLayout.Desktop.WPF.App\Facebook.CSSLayout.Desktop.WPF.App.csproj", "{C1EDD6A0-D708-4660-A024-A6D983E20871}"
EndProject
Project("{2150E333-8FDC-42A3-9474-1A3956D46DE8}") = "Native", "Native", "{BA45903B-F0BC-43C1-ABBA-476A823596FA}"
EndProject
Project("{2150E333-8FDC-42A3-9474-1A3956D46DE8}") = "Desktop", "Desktop", "{A4B26A18-BCD7-4CD1-92EB-C8A3127602E2}"
EndProject
Project("{2150E333-8FDC-42A3-9474-1A3956D46DE8}") = "NETCore", "NETCore", "{1489F98C-8FA8-4FD7-AE61-414851DE7FC0}"
EndProject
Project("{2150E333-8FDC-42A3-9474-1A3956D46DE8}") = "Universal", "Universal", "{F2926CE6-595B-4138-AF90-B50547183321}"
EndProject
Project("{2150E333-8FDC-42A3-9474-1A3956D46DE8}") = "Tests", "Tests", "{C340F33C-4A6C-46E3-AC72-026197C3EE67}"
EndProject
Project("{FAE04EC0-301F-11D3-BF4B-00C04F79EFBC}") = "Facebook.CSSLayout.Desktop.Tests", "Facebook.CSSLayout.Desktop.Tests\Facebook.CSSLayout.Desktop.Tests.csproj", "{AC23F444-5545-4196-8B9F-5C1F6B3E7FB3}"
EndProject
Project("{FAE04EC0-301F-11D3-BF4B-00C04F79EFBC}") = "Facebook.CSSLayout.Universal", "Facebook.CSSLayout.Universal\Facebook.CSSLayout.Universal.csproj", "{651019F2-E569-44B7-B6C3-D398EFC9FF62}"
EndProject
Project("{2150E333-8FDC-42A3-9474-1A3956D46DE8}") = "Tests", "Tests", "{20CAC371-7BC8-45A4-9BDE-DDA5447D1D56}"
EndProject
Project("{FAE04EC0-301F-11D3-BF4B-00C04F79EFBC}") = "Facebook.CSSLayout.Universal.Tests", "Facebook.CSSLayout.Universal.Tests\Facebook.CSSLayout.Universal.Tests.csproj", "{4130594A-0BFE-4846-8A98-2D6040C7B2E5}"
EndProject
Global
	GlobalSection(SolutionConfigurationPlatforms) = preSolution
		Debug|Any CPU = Debug|Any CPU
		Debug|ARM = Debug|ARM
		Debug|x64 = Debug|x64
		Debug|x86 = Debug|x86
		Release|Any CPU = Release|Any CPU
		Release|ARM = Release|ARM
		Release|x64 = Release|x64
		Release|x86 = Release|x86
	EndGlobalSection
	GlobalSection(ProjectConfigurationPlatforms) = postSolution
		{75BB7605-E54B-4EDE-8F5A-FF1F24464236}.Debug|Any CPU.ActiveCfg = Debug|Any CPU
		{75BB7605-E54B-4EDE-8F5A-FF1F24464236}.Debug|Any CPU.Build.0 = Debug|Any CPU
		{75BB7605-E54B-4EDE-8F5A-FF1F24464236}.Debug|ARM.ActiveCfg = Debug|Any CPU
		{75BB7605-E54B-4EDE-8F5A-FF1F24464236}.Debug|ARM.Build.0 = Debug|Any CPU
		{75BB7605-E54B-4EDE-8F5A-FF1F24464236}.Debug|x64.ActiveCfg = Debug|Any CPU
		{75BB7605-E54B-4EDE-8F5A-FF1F24464236}.Debug|x64.Build.0 = Debug|Any CPU
		{75BB7605-E54B-4EDE-8F5A-FF1F24464236}.Debug|x86.ActiveCfg = Debug|Any CPU
		{75BB7605-E54B-4EDE-8F5A-FF1F24464236}.Debug|x86.Build.0 = Debug|Any CPU
		{75BB7605-E54B-4EDE-8F5A-FF1F24464236}.Release|Any CPU.ActiveCfg = Release|Any CPU
		{75BB7605-E54B-4EDE-8F5A-FF1F24464236}.Release|Any CPU.Build.0 = Release|Any CPU
		{75BB7605-E54B-4EDE-8F5A-FF1F24464236}.Release|ARM.ActiveCfg = Release|Any CPU
		{75BB7605-E54B-4EDE-8F5A-FF1F24464236}.Release|ARM.Build.0 = Release|Any CPU
		{75BB7605-E54B-4EDE-8F5A-FF1F24464236}.Release|x64.ActiveCfg = Release|Any CPU
		{75BB7605-E54B-4EDE-8F5A-FF1F24464236}.Release|x64.Build.0 = Release|Any CPU
		{75BB7605-E54B-4EDE-8F5A-FF1F24464236}.Release|x86.ActiveCfg = Release|Any CPU
		{75BB7605-E54B-4EDE-8F5A-FF1F24464236}.Release|x86.Build.0 = Release|Any CPU
		{5FA8A7F0-B3DE-4F30-B762-6B3AB7C8E8CF}.Debug|Any CPU.ActiveCfg = Debug|Any CPU
		{5FA8A7F0-B3DE-4F30-B762-6B3AB7C8E8CF}.Debug|Any CPU.Build.0 = Debug|Any CPU
		{5FA8A7F0-B3DE-4F30-B762-6B3AB7C8E8CF}.Debug|ARM.ActiveCfg = Debug|Any CPU
		{5FA8A7F0-B3DE-4F30-B762-6B3AB7C8E8CF}.Debug|ARM.Build.0 = Debug|Any CPU
		{5FA8A7F0-B3DE-4F30-B762-6B3AB7C8E8CF}.Debug|x64.ActiveCfg = Debug|Any CPU
		{5FA8A7F0-B3DE-4F30-B762-6B3AB7C8E8CF}.Debug|x64.Build.0 = Debug|Any CPU
		{5FA8A7F0-B3DE-4F30-B762-6B3AB7C8E8CF}.Debug|x86.ActiveCfg = Debug|Any CPU
		{5FA8A7F0-B3DE-4F30-B762-6B3AB7C8E8CF}.Debug|x86.Build.0 = Debug|Any CPU
		{5FA8A7F0-B3DE-4F30-B762-6B3AB7C8E8CF}.Release|Any CPU.ActiveCfg = Release|Any CPU
		{5FA8A7F0-B3DE-4F30-B762-6B3AB7C8E8CF}.Release|Any CPU.Build.0 = Release|Any CPU
		{5FA8A7F0-B3DE-4F30-B762-6B3AB7C8E8CF}.Release|ARM.ActiveCfg = Release|Any CPU
		{5FA8A7F0-B3DE-4F30-B762-6B3AB7C8E8CF}.Release|ARM.Build.0 = Release|Any CPU
		{5FA8A7F0-B3DE-4F30-B762-6B3AB7C8E8CF}.Release|x64.ActiveCfg = Release|Any CPU
		{5FA8A7F0-B3DE-4F30-B762-6B3AB7C8E8CF}.Release|x64.Build.0 = Release|Any CPU
		{5FA8A7F0-B3DE-4F30-B762-6B3AB7C8E8CF}.Release|x86.ActiveCfg = Release|Any CPU
		{5FA8A7F0-B3DE-4F30-B762-6B3AB7C8E8CF}.Release|x86.Build.0 = Release|Any CPU
		{99F48603-0823-458B-88AB-21525438E7EF}.Debug|Any CPU.ActiveCfg = Debug|x86
		{99F48603-0823-458B-88AB-21525438E7EF}.Debug|ARM.ActiveCfg = Debug|x86
		{99F48603-0823-458B-88AB-21525438E7EF}.Debug|x64.ActiveCfg = Debug|x64
		{99F48603-0823-458B-88AB-21525438E7EF}.Debug|x64.Build.0 = Debug|x64
		{99F48603-0823-458B-88AB-21525438E7EF}.Debug|x86.ActiveCfg = Debug|x86
		{99F48603-0823-458B-88AB-21525438E7EF}.Debug|x86.Build.0 = Debug|x86
		{99F48603-0823-458B-88AB-21525438E7EF}.Release|Any CPU.ActiveCfg = Release|x86
		{99F48603-0823-458B-88AB-21525438E7EF}.Release|ARM.ActiveCfg = Release|x86
		{99F48603-0823-458B-88AB-21525438E7EF}.Release|x64.ActiveCfg = Release|x64
		{99F48603-0823-458B-88AB-21525438E7EF}.Release|x64.Build.0 = Release|x64
		{99F48603-0823-458B-88AB-21525438E7EF}.Release|x86.ActiveCfg = Release|x86
		{99F48603-0823-458B-88AB-21525438E7EF}.Release|x86.Build.0 = Release|x86
		{BC3DD209-24CA-4799-A3CD-4E93863C72F2}.Debug|Any CPU.ActiveCfg = Debug|x86
		{BC3DD209-24CA-4799-A3CD-4E93863C72F2}.Debug|ARM.ActiveCfg = Debug|x86
		{BC3DD209-24CA-4799-A3CD-4E93863C72F2}.Debug|x64.ActiveCfg = Debug|x64
		{BC3DD209-24CA-4799-A3CD-4E93863C72F2}.Debug|x64.Build.0 = Debug|x64
		{BC3DD209-24CA-4799-A3CD-4E93863C72F2}.Debug|x64.Deploy.0 = Debug|x64
		{BC3DD209-24CA-4799-A3CD-4E93863C72F2}.Debug|x86.ActiveCfg = Debug|x86
		{BC3DD209-24CA-4799-A3CD-4E93863C72F2}.Debug|x86.Build.0 = Debug|x86
		{BC3DD209-24CA-4799-A3CD-4E93863C72F2}.Debug|x86.Deploy.0 = Debug|x86
		{BC3DD209-24CA-4799-A3CD-4E93863C72F2}.Release|Any CPU.ActiveCfg = Release|x86
		{BC3DD209-24CA-4799-A3CD-4E93863C72F2}.Release|ARM.ActiveCfg = Release|x86
		{BC3DD209-24CA-4799-A3CD-4E93863C72F2}.Release|x64.ActiveCfg = Release|x64
		{BC3DD209-24CA-4799-A3CD-4E93863C72F2}.Release|x64.Build.0 = Release|x64
		{BC3DD209-24CA-4799-A3CD-4E93863C72F2}.Release|x64.Deploy.0 = Release|x64
		{BC3DD209-24CA-4799-A3CD-4E93863C72F2}.Release|x86.ActiveCfg = Release|x86
		{BC3DD209-24CA-4799-A3CD-4E93863C72F2}.Release|x86.Build.0 = Release|x86
		{BC3DD209-24CA-4799-A3CD-4E93863C72F2}.Release|x86.Deploy.0 = Release|x86
		{0446C86B-F47B-4C46-B673-C7AE0CFF35D5}.Debug|Any CPU.ActiveCfg = Debug|Win32
		{0446C86B-F47B-4C46-B673-C7AE0CFF35D5}.Debug|ARM.ActiveCfg = Debug|Win32
		{0446C86B-F47B-4C46-B673-C7AE0CFF35D5}.Debug|x64.ActiveCfg = Debug|x64
		{0446C86B-F47B-4C46-B673-C7AE0CFF35D5}.Debug|x64.Build.0 = Debug|x64
		{0446C86B-F47B-4C46-B673-C7AE0CFF35D5}.Debug|x86.ActiveCfg = Debug|Win32
		{0446C86B-F47B-4C46-B673-C7AE0CFF35D5}.Debug|x86.Build.0 = Debug|Win32
		{0446C86B-F47B-4C46-B673-C7AE0CFF35D5}.Release|Any CPU.ActiveCfg = Release|Win32
		{0446C86B-F47B-4C46-B673-C7AE0CFF35D5}.Release|ARM.ActiveCfg = Release|Win32
		{0446C86B-F47B-4C46-B673-C7AE0CFF35D5}.Release|x64.ActiveCfg = Release|x64
		{0446C86B-F47B-4C46-B673-C7AE0CFF35D5}.Release|x64.Build.0 = Release|x64
		{0446C86B-F47B-4C46-B673-C7AE0CFF35D5}.Release|x86.ActiveCfg = Release|Win32
		{0446C86B-F47B-4C46-B673-C7AE0CFF35D5}.Release|x86.Build.0 = Release|Win32
		{AFBB6654-7068-44A4-A941-5607E1CF3F26}.Debug|Any CPU.ActiveCfg = Debug|Win32
		{AFBB6654-7068-44A4-A941-5607E1CF3F26}.Debug|ARM.ActiveCfg = Debug|Win32
		{AFBB6654-7068-44A4-A941-5607E1CF3F26}.Debug|x64.ActiveCfg = Debug|x64
		{AFBB6654-7068-44A4-A941-5607E1CF3F26}.Debug|x64.Build.0 = Debug|x64
		{AFBB6654-7068-44A4-A941-5607E1CF3F26}.Debug|x86.ActiveCfg = Debug|Win32
		{AFBB6654-7068-44A4-A941-5607E1CF3F26}.Debug|x86.Build.0 = Debug|Win32
		{AFBB6654-7068-44A4-A941-5607E1CF3F26}.Release|Any CPU.ActiveCfg = Release|Win32
		{AFBB6654-7068-44A4-A941-5607E1CF3F26}.Release|ARM.ActiveCfg = Release|Win32
		{AFBB6654-7068-44A4-A941-5607E1CF3F26}.Release|x64.ActiveCfg = Release|x64
		{AFBB6654-7068-44A4-A941-5607E1CF3F26}.Release|x64.Build.0 = Release|x64
		{AFBB6654-7068-44A4-A941-5607E1CF3F26}.Release|x86.ActiveCfg = Release|Win32
		{AFBB6654-7068-44A4-A941-5607E1CF3F26}.Release|x86.Build.0 = Release|Win32
		{403B5DCD-E522-4BBE-8082-3CAF3C41E454}.Debug|Any CPU.ActiveCfg = Debug|x86
		{403B5DCD-E522-4BBE-8082-3CAF3C41E454}.Debug|ARM.ActiveCfg = Debug|x86
		{403B5DCD-E522-4BBE-8082-3CAF3C41E454}.Debug|x64.ActiveCfg = Debug|x64
		{403B5DCD-E522-4BBE-8082-3CAF3C41E454}.Debug|x64.Build.0 = Debug|x64
		{403B5DCD-E522-4BBE-8082-3CAF3C41E454}.Debug|x86.ActiveCfg = Debug|x86
		{403B5DCD-E522-4BBE-8082-3CAF3C41E454}.Debug|x86.Build.0 = Debug|x86
		{403B5DCD-E522-4BBE-8082-3CAF3C41E454}.Release|Any CPU.ActiveCfg = Release|x86
		{403B5DCD-E522-4BBE-8082-3CAF3C41E454}.Release|ARM.ActiveCfg = Release|x86
		{403B5DCD-E522-4BBE-8082-3CAF3C41E454}.Release|x64.ActiveCfg = Release|x64
		{403B5DCD-E522-4BBE-8082-3CAF3C41E454}.Release|x86.ActiveCfg = Release|x86
		{C1EDD6A0-D708-4660-A024-A6D983E20871}.Debug|Any CPU.ActiveCfg = Debug|x86
		{C1EDD6A0-D708-4660-A024-A6D983E20871}.Debug|ARM.ActiveCfg = Debug|x86
		{C1EDD6A0-D708-4660-A024-A6D983E20871}.Debug|x64.ActiveCfg = Debug|x64
		{C1EDD6A0-D708-4660-A024-A6D983E20871}.Debug|x64.Build.0 = Debug|x64
		{C1EDD6A0-D708-4660-A024-A6D983E20871}.Debug|x86.ActiveCfg = Debug|x86
		{C1EDD6A0-D708-4660-A024-A6D983E20871}.Debug|x86.Build.0 = Debug|x86
		{C1EDD6A0-D708-4660-A024-A6D983E20871}.Release|Any CPU.ActiveCfg = Release|x86
		{C1EDD6A0-D708-4660-A024-A6D983E20871}.Release|ARM.ActiveCfg = Release|x86
		{C1EDD6A0-D708-4660-A024-A6D983E20871}.Release|x64.ActiveCfg = Release|x64
		{C1EDD6A0-D708-4660-A024-A6D983E20871}.Release|x64.Build.0 = Release|x64
		{C1EDD6A0-D708-4660-A024-A6D983E20871}.Release|x86.ActiveCfg = Release|x86
		{C1EDD6A0-D708-4660-A024-A6D983E20871}.Release|x86.Build.0 = Release|x86
		{AC23F444-5545-4196-8B9F-5C1F6B3E7FB3}.Debug|Any CPU.ActiveCfg = Debug|x86
		{AC23F444-5545-4196-8B9F-5C1F6B3E7FB3}.Debug|ARM.ActiveCfg = Debug|x86
		{AC23F444-5545-4196-8B9F-5C1F6B3E7FB3}.Debug|x64.ActiveCfg = Debug|x64
		{AC23F444-5545-4196-8B9F-5C1F6B3E7FB3}.Debug|x64.Build.0 = Debug|x64
		{AC23F444-5545-4196-8B9F-5C1F6B3E7FB3}.Debug|x86.ActiveCfg = Debug|x86
		{AC23F444-5545-4196-8B9F-5C1F6B3E7FB3}.Debug|x86.Build.0 = Debug|x86
		{AC23F444-5545-4196-8B9F-5C1F6B3E7FB3}.Release|Any CPU.ActiveCfg = Release|x86
		{AC23F444-5545-4196-8B9F-5C1F6B3E7FB3}.Release|ARM.ActiveCfg = Release|x86
		{AC23F444-5545-4196-8B9F-5C1F6B3E7FB3}.Release|x64.ActiveCfg = Release|x64
		{AC23F444-5545-4196-8B9F-5C1F6B3E7FB3}.Release|x64.Build.0 = Release|x64
		{AC23F444-5545-4196-8B9F-5C1F6B3E7FB3}.Release|x86.ActiveCfg = Release|x86
		{AC23F444-5545-4196-8B9F-5C1F6B3E7FB3}.Release|x86.Build.0 = Release|x86
		{651019F2-E569-44B7-B6C3-D398EFC9FF62}.Debug|Any CPU.ActiveCfg = Debug|Any CPU
		{651019F2-E569-44B7-B6C3-D398EFC9FF62}.Debug|Any CPU.Build.0 = Debug|Any CPU
		{651019F2-E569-44B7-B6C3-D398EFC9FF62}.Debug|ARM.ActiveCfg = Debug|ARM
		{651019F2-E569-44B7-B6C3-D398EFC9FF62}.Debug|ARM.Build.0 = Debug|ARM
		{651019F2-E569-44B7-B6C3-D398EFC9FF62}.Debug|x64.ActiveCfg = Debug|x64
		{651019F2-E569-44B7-B6C3-D398EFC9FF62}.Debug|x64.Build.0 = Debug|x64
		{651019F2-E569-44B7-B6C3-D398EFC9FF62}.Debug|x86.ActiveCfg = Debug|x86
		{651019F2-E569-44B7-B6C3-D398EFC9FF62}.Debug|x86.Build.0 = Debug|x86
		{651019F2-E569-44B7-B6C3-D398EFC9FF62}.Release|Any CPU.ActiveCfg = Release|Any CPU
		{651019F2-E569-44B7-B6C3-D398EFC9FF62}.Release|Any CPU.Build.0 = Release|Any CPU
		{651019F2-E569-44B7-B6C3-D398EFC9FF62}.Release|ARM.ActiveCfg = Release|ARM
		{651019F2-E569-44B7-B6C3-D398EFC9FF62}.Release|ARM.Build.0 = Release|ARM
		{651019F2-E569-44B7-B6C3-D398EFC9FF62}.Release|x64.ActiveCfg = Release|x64
		{651019F2-E569-44B7-B6C3-D398EFC9FF62}.Release|x64.Build.0 = Release|x64
		{651019F2-E569-44B7-B6C3-D398EFC9FF62}.Release|x86.ActiveCfg = Release|x86
		{651019F2-E569-44B7-B6C3-D398EFC9FF62}.Release|x86.Build.0 = Release|x86
		{4130594A-0BFE-4846-8A98-2D6040C7B2E5}.Debug|Any CPU.ActiveCfg = Debug|x86
		{4130594A-0BFE-4846-8A98-2D6040C7B2E5}.Debug|ARM.ActiveCfg = Debug|ARM
		{4130594A-0BFE-4846-8A98-2D6040C7B2E5}.Debug|ARM.Build.0 = Debug|ARM
		{4130594A-0BFE-4846-8A98-2D6040C7B2E5}.Debug|ARM.Deploy.0 = Debug|ARM
		{4130594A-0BFE-4846-8A98-2D6040C7B2E5}.Debug|x64.ActiveCfg = Debug|x64
		{4130594A-0BFE-4846-8A98-2D6040C7B2E5}.Debug|x64.Build.0 = Debug|x64
		{4130594A-0BFE-4846-8A98-2D6040C7B2E5}.Debug|x64.Deploy.0 = Debug|x64
		{4130594A-0BFE-4846-8A98-2D6040C7B2E5}.Debug|x86.ActiveCfg = Debug|x86
		{4130594A-0BFE-4846-8A98-2D6040C7B2E5}.Debug|x86.Build.0 = Debug|x86
		{4130594A-0BFE-4846-8A98-2D6040C7B2E5}.Debug|x86.Deploy.0 = Debug|x86
		{4130594A-0BFE-4846-8A98-2D6040C7B2E5}.Release|Any CPU.ActiveCfg = Release|x86
		{4130594A-0BFE-4846-8A98-2D6040C7B2E5}.Release|ARM.ActiveCfg = Release|ARM
		{4130594A-0BFE-4846-8A98-2D6040C7B2E5}.Release|ARM.Build.0 = Release|ARM
		{4130594A-0BFE-4846-8A98-2D6040C7B2E5}.Release|ARM.Deploy.0 = Release|ARM
		{4130594A-0BFE-4846-8A98-2D6040C7B2E5}.Release|x64.ActiveCfg = Release|x64
		{4130594A-0BFE-4846-8A98-2D6040C7B2E5}.Release|x64.Build.0 = Release|x64
		{4130594A-0BFE-4846-8A98-2D6040C7B2E5}.Release|x64.Deploy.0 = Release|x64
		{4130594A-0BFE-4846-8A98-2D6040C7B2E5}.Release|x86.ActiveCfg = Release|x86
		{4130594A-0BFE-4846-8A98-2D6040C7B2E5}.Release|x86.Build.0 = Release|x86
		{4130594A-0BFE-4846-8A98-2D6040C7B2E5}.Release|x86.Deploy.0 = Release|x86
	EndGlobalSection
	GlobalSection(SolutionProperties) = preSolution
		HideSolutionNode = FALSE
	EndGlobalSection
	GlobalSection(NestedProjects) = preSolution
		{75BB7605-E54B-4EDE-8F5A-FF1F24464236} = {1489F98C-8FA8-4FD7-AE61-414851DE7FC0}
		{5FA8A7F0-B3DE-4F30-B762-6B3AB7C8E8CF} = {1489F98C-8FA8-4FD7-AE61-414851DE7FC0}
		{99F48603-0823-458B-88AB-21525438E7EF} = {C340F33C-4A6C-46E3-AC72-026197C3EE67}
		{BC3DD209-24CA-4799-A3CD-4E93863C72F2} = {F2926CE6-595B-4138-AF90-B50547183321}
		{0446C86B-F47B-4C46-B673-C7AE0CFF35D5} = {BA45903B-F0BC-43C1-ABBA-476A823596FA}
		{AFBB6654-7068-44A4-A941-5607E1CF3F26} = {BA45903B-F0BC-43C1-ABBA-476A823596FA}
		{403B5DCD-E522-4BBE-8082-3CAF3C41E454} = {A4B26A18-BCD7-4CD1-92EB-C8A3127602E2}
		{C1EDD6A0-D708-4660-A024-A6D983E20871} = {C340F33C-4A6C-46E3-AC72-026197C3EE67}
		{C340F33C-4A6C-46E3-AC72-026197C3EE67} = {A4B26A18-BCD7-4CD1-92EB-C8A3127602E2}
		{AC23F444-5545-4196-8B9F-5C1F6B3E7FB3} = {C340F33C-4A6C-46E3-AC72-026197C3EE67}
		{651019F2-E569-44B7-B6C3-D398EFC9FF62} = {F2926CE6-595B-4138-AF90-B50547183321}
		{20CAC371-7BC8-45A4-9BDE-DDA5447D1D56} = {F2926CE6-595B-4138-AF90-B50547183321}
		{4130594A-0BFE-4846-8A98-2D6040C7B2E5} = {20CAC371-7BC8-45A4-9BDE-DDA5447D1D56}
	EndGlobalSection
EndGlobal
